PODS:
  - Alamofire (4.9.1)
  - Realm (10.21.1):
    - Realm/Headers (= 10.21.1)
  - Realm/Headers (10.21.1)
  - RealmSwift (10.21.1):
    - Realm (= 10.21.1)
  - StravaSwift (1.0.0):
    - Alamofire (~> 4)
    - SwiftyJSON (~> 5)
  - SwiftyJSON (5.0.1)

DEPENDENCIES:
  - RealmSwift
  - StravaSwift (~> 1.0.0)

SPEC REPOS:
  trunk:
    - Alamofire
    - Realm
    - RealmSwift
    - StravaSwift
    - SwiftyJSON

SPEC CHECKSUMS:
  Alamofire: 85e8a02c69d6020a0d734f6054870d7ecb75cf18
  Realm: 44b41c3ae39e3ecfded71a04434bfde066c7b317
  RealmSwift: dbf9a4eb06e0c929d51c4ef2e8f951bca541feab
  StravaSwift: 42c3a978ceef1f7c402e869db079f9d29ab7052d
  SwiftyJSON: 2f33a42c6fbc52764d96f13368585094bfd8aa5e

PODFILE CHECKSUM: e0166fd36d28273c6a1a640001d8e546072d0aaa

COCOAPODS: 1.11.2
